
Microsoft Visual Studio Solution File, Format Version 12.00
# Visual Studio Version 17
VisualStudioVersion = 17.7.34024.191
MinimumVisualStudioVersion = 10.0.40219.1
Project("{FAE04EC0-301F-11D3-BF4B-00C04F79EFBC}") = "FinalProject", "FinalProject.csproj", "{69CC8067-37E1-45B4-B312-E146E169B4F3}"
EndProject
Global
	GlobalSection(SolutionConfigurationPlatforms) = preSolution
		Debug|Any CPU = Debug|Any CPU
		Release|Any CPU = Release|Any CPU
	EndGlobalSection
	GlobalSection(ProjectConfigurationPlatforms) = postSolution
		{69CC8067-37E1-45B4-B312-E146E169B4F3}.Debug|Any CPU.ActiveCfg = Debug|Any CPU
		{69CC8067-37E1-45B4-B312-E146E169B4F3}.Debug|Any CPU.Build.0 = Debug|Any CPU
		{69CC8067-37E1-45B4-B312-E146E169B4F3}.Release|Any CPU.ActiveCfg = Release|Any CPU
		{69CC8067-37E1-45B4-B312-E146E169B4F3}.Release|Any CPU.Build.0 = Release|Any CPU
	EndGlobalSection
	GlobalSection(SolutionProperties) = preSolution
		HideSolutionNode = FALSE
	EndGlobalSection
	GlobalSection(ExtensibilityGlobals) = postSolution
		SolutionGuid = {9F1ED078-CF80-48D2-BF52-BF8D6EAFBB7E}
	EndGlobalSection
EndGlobal
